<Solution>
  <Project Path="HotelLosPatitos.Application/HotelLosPatitos.Application.csproj" />
  <Project Path="HotelLosPatitos.Domain/HotelLosPatitos.Domain.csproj" />
  <Project Path="HotelLosPatitos.Infrastructure/HotelLosPatitos.Infrastructure.csproj" />
  <Project Path="HotelLosPatitos/HotelLosPatitos.Web.csproj" />
</Solution>
